
Microsoft Visual Studio Solution File, Format Version 12.00
# Visual Studio Version 16
VisualStudioVersion = 16.0.32002.261
MinimumVisualStudioVersion = 10.0.40219.1
Project("{2150E333-8FDC-42A3-9474-1A3956D46DE8}") = "Busines Logic", "Busines Logic", "{3F9CA8B2-0533-4AB8-80D1-85FBC45ECFEA}"
EndProject
Project("{2150E333-8FDC-42A3-9474-1A3956D46DE8}") = "Data Layer", "Data Layer", "{6B73C13A-EDED-4637-A14E-C842EA1C9594}"
EndProject
Project("{2150E333-8FDC-42A3-9474-1A3956D46DE8}") = "Presentation", "Presentation", "{F14E1EFC-CD7F-4E45-972A-4A630ACA2335}"
EndProject
Project("{FAE04EC0-301F-11D3-BF4B-00C04F79EFBC}") = "Producto.Dominio", "Producto.Dominio\Producto.Dominio.csproj", "{142B3C1E-AA2C-4469-ACAD-87980A259EF8}"
EndProject
Project("{FAE04EC0-301F-11D3-BF4B-00C04F79EFBC}") = "Producto.Logic", "Producto.Logic\Producto.Logic.csproj", "{6395ED75-72C1-4711-BD3B-CF16D4DF590D}"
EndProject
Project("{FAE04EC0-301F-11D3-BF4B-00C04F79EFBC}") = "Producto.Data", "Producto.Data\Producto.Data.csproj", "{91CA5C17-D9B4-4B33-91B7-C13E7450F831}"
EndProject
Project("{FAE04EC0-301F-11D3-BF4B-00C04F79EFBC}") = "Producto.AppWind", "Producto.AppWind\Producto.AppWind.csproj", "{75960B45-FEC2-42D1-A483-03A66DEA6986}"
EndProject
Global
	GlobalSection(SolutionConfigurationPlatforms) = preSolution
		Debug|Any CPU = Debug|Any CPU
		Release|Any CPU = Release|Any CPU
	EndGlobalSection
	GlobalSection(ProjectConfigurationPlatforms) = postSolution
		{142B3C1E-AA2C-4469-ACAD-87980A259EF8}.Debug|Any CPU.ActiveCfg = Debug|Any CPU
		{142B3C1E-AA2C-4469-ACAD-87980A259EF8}.Debug|Any CPU.Build.0 = Debug|Any CPU
		{142B3C1E-AA2C-4469-ACAD-87980A259EF8}.Release|Any CPU.ActiveCfg = Release|Any CPU
		{142B3C1E-AA2C-4469-ACAD-87980A259EF8}.Release|Any CPU.Build.0 = Release|Any CPU
		{6395ED75-72C1-4711-BD3B-CF16D4DF590D}.Debug|Any CPU.ActiveCfg = Debug|Any CPU
		{6395ED75-72C1-4711-BD3B-CF16D4DF590D}.Debug|Any CPU.Build.0 = Debug|Any CPU
		{6395ED75-72C1-4711-BD3B-CF16D4DF590D}.Release|Any CPU.ActiveCfg = Release|Any CPU
		{6395ED75-72C1-4711-BD3B-CF16D4DF590D}.Release|Any CPU.Build.0 = Release|Any CPU
		{91CA5C17-D9B4-4B33-91B7-C13E7450F831}.Debug|Any CPU.ActiveCfg = Debug|Any CPU
		{91CA5C17-D9B4-4B33-91B7-C13E7450F831}.Debug|Any CPU.Build.0 = Debug|Any CPU
		{91CA5C17-D9B4-4B33-91B7-C13E7450F831}.Release|Any CPU.ActiveCfg = Release|Any CPU
		{91CA5C17-D9B4-4B33-91B7-C13E7450F831}.Release|Any CPU.Build.0 = Release|Any CPU
		{75960B45-FEC2-42D1-A483-03A66DEA6986}.Debug|Any CPU.ActiveCfg = Debug|Any CPU
		{75960B45-FEC2-42D1-A483-03A66DEA6986}.Debug|Any CPU.Build.0 = Debug|Any CPU
		{75960B45-FEC2-42D1-A483-03A66DEA6986}.Release|Any CPU.ActiveCfg = Release|Any CPU
		{75960B45-FEC2-42D1-A483-03A66DEA6986}.Release|Any CPU.Build.0 = Release|Any CPU
	EndGlobalSection
	GlobalSection(SolutionProperties) = preSolution
		HideSolutionNode = FALSE
	EndGlobalSection
	GlobalSection(NestedProjects) = preSolution
		{142B3C1E-AA2C-4469-ACAD-87980A259EF8} = {3F9CA8B2-0533-4AB8-80D1-85FBC45ECFEA}
		{6395ED75-72C1-4711-BD3B-CF16D4DF590D} = {3F9CA8B2-0533-4AB8-80D1-85FBC45ECFEA}
		{91CA5C17-D9B4-4B33-91B7-C13E7450F831} = {6B73C13A-EDED-4637-A14E-C842EA1C9594}
		{75960B45-FEC2-42D1-A483-03A66DEA6986} = {F14E1EFC-CD7F-4E45-972A-4A630ACA2335}
	EndGlobalSection
	GlobalSection(ExtensibilityGlobals) = postSolution
		SolutionGuid = {64F72C74-35D3-4B7D-A921-7D24A92450AC}
	EndGlobalSection
EndGlobal
